
Microsoft Visual Studio Solution File, Format Version 12.00
# Visual Studio Version 16
VisualStudioVersion = 16.0.30804.86
MinimumVisualStudioVersion = 10.0.40219.1
Project("{FAE04EC0-301F-11D3-BF4B-00C04F79EFBC}") = "DMSOShopping", "DMSOShopping.csproj", "{637F5698-B10C-4306-939B-4B02AD2CE864}"
EndProject
Global
	GlobalSection(SolutionConfigurationPlatforms) = preSolution
		Debug|Any CPU = Debug|Any CPU
		Release|Any CPU = Release|Any CPU
	EndGlobalSection
	GlobalSection(ProjectConfigurationPlatforms) = postSolution
		{637F5698-B10C-4306-939B-4B02AD2CE864}.Debug|Any CPU.ActiveCfg = Debug|Any CPU
		{637F5698-B10C-4306-939B-4B02AD2CE864}.Debug|Any CPU.Build.0 = Debug|Any CPU
		{637F5698-B10C-4306-939B-4B02AD2CE864}.Release|Any CPU.ActiveCfg = Release|Any CPU
		{637F5698-B10C-4306-939B-4B02AD2CE864}.Release|Any CPU.Build.0 = Release|Any CPU
	EndGlobalSection
	GlobalSection(SolutionProperties) = preSolution
		HideSolutionNode = FALSE
	EndGlobalSection
	GlobalSection(ExtensibilityGlobals) = postSolution
		SolutionGuid = {BB88D081-DD2D-4948-88AC-9F1626390636}
	EndGlobalSection
EndGlobal
